
Microsoft Visual Studio Solution File, Format Version 12.00
# Visual Studio Version 16
VisualStudioVersion = 16.0.33328.57
MinimumVisualStudioVersion = 10.0.40219.1
Project("{FAE04EC0-301F-11D3-BF4B-00C04F79EFBC}") = "E-Wallet", "E-Wallet\E-Wallet.csproj", "{0B22685D-3114-4D45-B167-0E1D26349EA6}"
EndProject
Global
	GlobalSection(SolutionConfigurationPlatforms) = preSolution
		Debug|Any CPU = Debug|Any CPU
		Release|Any CPU = Release|Any CPU
	EndGlobalSection
	GlobalSection(ProjectConfigurationPlatforms) = postSolution
		{0B22685D-3114-4D45-B167-0E1D26349EA6}.Debug|Any CPU.ActiveCfg = Debug|Any CPU
		{0B22685D-3114-4D45-B167-0E1D26349EA6}.Debug|Any CPU.Build.0 = Debug|Any CPU
		{0B22685D-3114-4D45-B167-0E1D26349EA6}.Release|Any CPU.ActiveCfg = Release|Any CPU
		{0B22685D-3114-4D45-B167-0E1D26349EA6}.Release|Any CPU.Build.0 = Release|Any CPU
	EndGlobalSection
	GlobalSection(SolutionProperties) = preSolution
		HideSolutionNode = FALSE
	EndGlobalSection
	GlobalSection(ExtensibilityGlobals) = postSolution
		SolutionGuid = {7EA8C73A-5783-409E-A5D8-5FF4B22ABF05}
	EndGlobalSection
EndGlobal
